Microsoft Visual Studio Solution File, Format Version 12.00
# Visual Studio Version 17
VisualStudioVersion = 17.5.2.0
MinimumVisualStudioVersion = 10.0.40219.1
Project("{FAE04EC0-301F-11D3-BF4B-00C04F79EFBC}") = "lox_interpreter", "lox_interpreter.csproj", "{B4EC4E76-6E00-5872-CFE7-9643E20BEDBF}"
EndProject
Global
	GlobalSection(SolutionConfigurationPlatforms) = preSolution
		Debug|Any CPU = Debug|Any CPU
		Release|Any CPU = Release|Any CPU
	EndGlobalSection
	GlobalSection(ProjectConfigurationPlatforms) = postSolution
		{B4EC4E76-6E00-5872-CFE7-9643E20BEDBF}.Debug|Any CPU.ActiveCfg = Debug|Any CPU
		{B4EC4E76-6E00-5872-CFE7-9643E20BEDBF}.Debug|Any CPU.Build.0 = Debug|Any CPU
		{B4EC4E76-6E00-5872-CFE7-9643E20BEDBF}.Release|Any CPU.ActiveCfg = Release|Any CPU
		{B4EC4E76-6E00-5872-CFE7-9643E20BEDBF}.Release|Any CPU.Build.0 = Release|Any CPU
	EndGlobalSection
	GlobalSection(SolutionProperties) = preSolution
		HideSolutionNode = FALSE
	EndGlobalSection
	GlobalSection(ExtensibilityGlobals) = postSolution
		SolutionGuid = {D1637740-25AA-4DAD-A365-8AC804917621}
	EndGlobalSection
EndGlobal
